
Microsoft Visual Studio Solution File, Format Version 12.00
# Visual Studio Version 17
VisualStudioVersion = 17.9.34622.214
MinimumVisualStudioVersion = 10.0.40219.1
Project("{FAE04EC0-301F-11D3-BF4B-00C04F79EFBC}") = "Desafio_1", "Desafio_1\Desafio_1.csproj", "{0B29F2AC-E3F1-4DEC-A821-1C0F879FE492}"
EndProject
Global
	GlobalSection(SolutionConfigurationPlatforms) = preSolution
		Debug|Any CPU = Debug|Any CPU
		Release|Any CPU = Release|Any CPU
	EndGlobalSection
	GlobalSection(ProjectConfigurationPlatforms) = postSolution
		{0B29F2AC-E3F1-4DEC-A821-1C0F879FE492}.Debug|Any CPU.ActiveCfg = Debug|Any CPU
		{0B29F2AC-E3F1-4DEC-A821-1C0F879FE492}.Debug|Any CPU.Build.0 = Debug|Any CPU
		{0B29F2AC-E3F1-4DEC-A821-1C0F879FE492}.Release|Any CPU.ActiveCfg = Release|Any CPU
		{0B29F2AC-E3F1-4DEC-A821-1C0F879FE492}.Release|Any CPU.Build.0 = Release|Any CPU
	EndGlobalSection
	GlobalSection(SolutionProperties) = preSolution
		HideSolutionNode = FALSE
	EndGlobalSection
	GlobalSection(ExtensibilityGlobals) = postSolution
		SolutionGuid = {8C947D6E-9973-49F4-9DCF-92C69934C71E}
	EndGlobalSection
EndGlobal
